
Microsoft Visual Studio Solution File, Format Version 12.00
# Visual Studio Version 16
VisualStudioVersion = 16.0.29411.108
MinimumVisualStudioVersion = 10.0.40219.1
Project("{FAE04EC0-301F-11D3-BF4B-00C04F79EFBC}") = "CodeScanner_GUI_NF", "CodeScanner_GUI_NF\CodeScanner_GUI_NF.csproj", "{10BDD093-6D02-4AFA-9708-44217B49555C}"
EndProject
Global
	GlobalSection(SolutionConfigurationPlatforms) = preSolution
		Debug|Any CPU = Debug|Any CPU
		Release|Any CPU = Release|Any CPU
	EndGlobalSection
	GlobalSection(ProjectConfigurationPlatforms) = postSolution
		{10BDD093-6D02-4AFA-9708-44217B49555C}.Debug|Any CPU.ActiveCfg = Debug|Any CPU
		{10BDD093-6D02-4AFA-9708-44217B49555C}.Debug|Any CPU.Build.0 = Debug|Any CPU
		{10BDD093-6D02-4AFA-9708-44217B49555C}.Release|Any CPU.ActiveCfg = Release|Any CPU
		{10BDD093-6D02-4AFA-9708-44217B49555C}.Release|Any CPU.Build.0 = Release|Any CPU
	EndGlobalSection
	GlobalSection(SolutionProperties) = preSolution
		HideSolutionNode = FALSE
	EndGlobalSection
	GlobalSection(ExtensibilityGlobals) = postSolution
		SolutionGuid = {CFED4248-8313-460C-B39C-FDB6C30ADCA9}
	EndGlobalSection
EndGlobal
